
Microsoft Visual Studio Solution File, Format Version 12.00
# Visual Studio Version 17
VisualStudioVersion = 17.3.32825.248
MinimumVisualStudioVersion = 10.0.40219.1
Project("{FAE04EC0-301F-11D3-BF4B-00C04F79EFBC}") = "Chattrin_Udomsomporn_Ex01", "Chattrin_Udomsomporn_Ex01\Chattrin_Udomsomporn_Ex01.csproj", "{23C1EE14-B611-4407-A293-A8FC7C4A11A7}"
EndProject
Project("{FAE04EC0-301F-11D3-BF4B-00C04F79EFBC}") = "Chattrin_Udomsomporn_Ex02", "Chattrin_Udomsomporn_Ex02\Chattrin_Udomsomporn_Ex02.csproj", "{7D1A9EA9-453E-4250-BF3F-2CC0D4DFE506}"
EndProject
Project("{FAE04EC0-301F-11D3-BF4B-00C04F79EFBC}") = "Chattrin_Udomsomporn_Ex03", "Chattrin_Udomsomporn_Ex03\Chattrin_Udomsomporn_Ex03.csproj", "{CB9CBB3B-0916-4204-9651-CD5530E8538F}"
EndProject
Global
	GlobalSection(SolutionConfigurationPlatforms) = preSolution
		Debug|Any CPU = Debug|Any CPU
		Release|Any CPU = Release|Any CPU
	EndGlobalSection
	GlobalSection(ProjectConfigurationPlatforms) = postSolution
		{23C1EE14-B611-4407-A293-A8FC7C4A11A7}.Debug|Any CPU.ActiveCfg = Debug|Any CPU
		{23C1EE14-B611-4407-A293-A8FC7C4A11A7}.Debug|Any CPU.Build.0 = Debug|Any CPU
		{23C1EE14-B611-4407-A293-A8FC7C4A11A7}.Release|Any CPU.ActiveCfg = Release|Any CPU
		{23C1EE14-B611-4407-A293-A8FC7C4A11A7}.Release|Any CPU.Build.0 = Release|Any CPU
		{7D1A9EA9-453E-4250-BF3F-2CC0D4DFE506}.Debug|Any CPU.ActiveCfg = Debug|Any CPU
		{7D1A9EA9-453E-4250-BF3F-2CC0D4DFE506}.Debug|Any CPU.Build.0 = Debug|Any CPU
		{7D1A9EA9-453E-4250-BF3F-2CC0D4DFE506}.Release|Any CPU.ActiveCfg = Release|Any CPU
		{7D1A9EA9-453E-4250-BF3F-2CC0D4DFE506}.Release|Any CPU.Build.0 = Release|Any CPU
		{CB9CBB3B-0916-4204-9651-CD5530E8538F}.Debug|Any CPU.ActiveCfg = Debug|Any CPU
		{CB9CBB3B-0916-4204-9651-CD5530E8538F}.Debug|Any CPU.Build.0 = Debug|Any CPU
		{CB9CBB3B-0916-4204-9651-CD5530E8538F}.Release|Any CPU.ActiveCfg = Release|Any CPU
		{CB9CBB3B-0916-4204-9651-CD5530E8538F}.Release|Any CPU.Build.0 = Release|Any CPU
	EndGlobalSection
	GlobalSection(SolutionProperties) = preSolution
		HideSolutionNode = FALSE
	EndGlobalSection
	GlobalSection(ExtensibilityGlobals) = postSolution
		SolutionGuid = {A73D7800-CD7C-460F-859F-12172A7262F0}
	EndGlobalSection
EndGlobal
